
Microsoft Visual Studio Solution File, Format Version 12.00
Project("{FAE04EC0-301F-11D3-BF4B-00C04F79EFBC}") = "JustTheDistance", "JustTheDistance\JustTheDistance.csproj", "{A63DDB48-B679-423A-9425-7E204839B50D}"
EndProject
Global
	GlobalSection(SolutionConfigurationPlatforms) = preSolution
		Debug|Any CPU = Debug|Any CPU
		Release|Any CPU = Release|Any CPU
	EndGlobalSection
	GlobalSection(ProjectConfigurationPlatforms) = postSolution
		{A63DDB48-B679-423A-9425-7E204839B50D}.Debug|Any CPU.ActiveCfg = Debug|Any CPU
		{A63DDB48-B679-423A-9425-7E204839B50D}.Debug|Any CPU.Build.0 = Debug|Any CPU
		{A63DDB48-B679-423A-9425-7E204839B50D}.Release|Any CPU.ActiveCfg = Release|Any CPU
		{A63DDB48-B679-423A-9425-7E204839B50D}.Release|Any CPU.Build.0 = Release|Any CPU
	EndGlobalSection
EndGlobal
